// !$*UTF8*$!
{
	archiveVersion = 1;
	classes = {
	};
	objectVersion = 46;
	objects = {

/* Begin PBXBuildFile section */
		C810C91B1A945442003517C7 /* RoundViewController.m in Sources */ = {isa = PBXBuildFile; fileRef = C810C9181A945442003517C7 /* RoundViewController.m */; };
		C810C91C1A945442003517C7 /* SquareViewController.m in Sources */ = {isa = PBXBuildFile; fileRef = C810C91A1A945442003517C7 /* SquareViewController.m */; };
		C86336E21A94415400CF75AF /* AboutViewController.m in Sources */ = {isa = PBXBuildFile; fileRef = C86336E11A94415400CF75AF /* AboutViewController.m */; };
		C8FF0CE01A93303E00255BAB /* main.m in Sources */ = {isa = PBXBuildFile; fileRef = C8FF0CDF1A93303E00255BAB /* main.m */; };
		C8FF0CE31A93303E00255BAB /* AppDelegate.m in Sources */ = {isa = PBXBuildFile; fileRef = C8FF0CE21A93303E00255BAB /* AppDelegate.m */; };
		C8FF0CE91A93303E00255BAB /* Main.storyboard in Resources */ = {isa = PBXBuildFile; fileRef = C8FF0CE71A93303E00255BAB /* Main.storyboard */; };
		C8FF0CEB1A93303E00255BAB /* Images.xcassets in Resources */ = {isa = PBXBuildFile; fileRef = C8FF0CEA1A93303E00255BAB /* Images.xcassets */; };
/* End PBXBuildFile section */

/* Begin PBXContainerItemProxy section */
		C8FF0CF41A93303E00255BAB /* PBXContainerItemProxy */ = {
			isa = PBXContainerItemProxy;
			containerPortal = C8FF0CD21A93303E00255BAB /* Project object */;
			proxyType = 1;
			remoteGlobalIDString = C8FF0CD91A93303E00255BAB;
			remoteInfo = SampleProject;
		};
/* End PBXContainerItemProxy section */

/* Begin PBXFileReference section */
		C810C9171A945442003517C7 /* RoundViewController.h */ = {isa = PBXFileReference; fileEncoding = 4; lastKnownFileType = sourcecode.c.h; path = RoundViewController.h; sourceTree = "<group>"; };
		C810C9181A945442003517C7 /* RoundViewController.m */ = {isa = PBXFileReference; fileEncoding = 4; lastKnownFileType = sourcecode.c.objc; path = RoundViewController.m; sourceTree = "<group>"; };
		C810C9191A945442003517C7 /* SquareViewController.h */ = {isa = PBXFileReference; fileEncoding = 4; lastKnownFileType = sourcecode.c.h; path = SquareViewController.h; sourceTree = "<group>"; };
		C810C91A1A945442003517C7 /* SquareViewController.m */ = {isa = PBXFileReference; fileEncoding = 4; lastKnownFileType = sourcecode.c.objc; path = SquareViewController.m; sourceTree = "<group>"; };
		C86336E01A94415400CF75AF /* AboutViewController.h */ = {isa = PBXFileReference; fileEncoding = 4; lastKnownFileType = sourcecode.c.h; path = AboutViewController.h; sourceTree = "<group>"; };
		C86336E11A94415400CF75AF /* AboutViewController.m */ = {isa = PBXFileReference; fileEncoding = 4; lastKnownFileType = sourcecode.c.objc; path = AboutViewController.m; sourceTree = "<group>"; };
		C8FF0CDA1A93303E00255BAB /* SampleProject.app */ = {isa = PBXFileReference; explicitFileType = wrapper.application; includeInIndex = 0; path = SampleProject.app; sourceTree = BUILT_PRODUCTS_DIR; };
		C8FF0CDE1A93303E00255BAB /* Info.plist */ = {isa = PBXFileReference; lastKnownFileType = text.plist.xml; path = Info.plist; sourceTree = "<group>"; };
		C8FF0CDF1A93303E00255BAB /* main.m */ = {isa = PBXFileReference; lastKnownFileType = sourcecode.c.objc; path = main.m; sourceTree = "<group>"; };
		C8FF0CE11A93303E00255BAB /* AppDelegate.h */ = {isa = PBXFileReference; lastKnownFileType = sourcecode.c.h; path = AppDelegate.h; sourceTree = "<group>"; };
		C8FF0CE21A93303E00255BAB /* AppDelegate.m */ = {isa = PBXFileReference; lastKnownFileType = sourcecode.c.objc; path = AppDelegate.m; sourceTree = "<group>"; };
		C8FF0CE81A93303E00255BAB /* Base */ = {isa = PBXFileReference; lastKnownFileType = file.storyboard; name = Base; path = Base.lproj/Main.storyboard; sourceTree = "<group>"; };
		C8FF0CEA1A93303E00255BAB /* Images.xcassets */ = {isa = PBXFileReference; lastKnownFileType = folder.assetcatalog; path = Images.xcassets; sourceTree = "<group>"; };
		C8FF0CF31A93303E00255BAB /* SampleProjectTests.xctest */ = {isa = PBXFileReference; explicitFileType = wrapper.cfbundle; includeInIndex = 0; path = SampleProjectTests.xctest; sourceTree = BUILT_PRODUCTS_DIR; };
/* End PBXFileReference section */

/* Begin PBXFrameworksBuildPhase section */
		C8FF0CD71A93303E00255BAB /* Frameworks */ = {
			isa = PBXFrameworksBuildPhase;
			buildActionMask = 2147483647;
			files = (
			);
			runOnlyForDeploymentPostprocessing = 0;
		};
		C8FF0CF01A93303E00255BAB /* Frameworks */ = {
			isa = PBXFrameworksBuildPhase;
			buildActionMask = 2147483647;
			files = (
			);
			runOnlyForDeploymentPostprocessing = 0;
		};
/* End PBXFrameworksBuildPhase section */

/* Begin PBXGroup section */
		C8FF0CD11A93303E00255BAB = {
			isa = PBXGroup;
			children = (
				C8FF0CDC1A93303E00255BAB /* SampleProject */,
				C8FF0CDB1A93303E00255BAB /* Products */,
			);
			sourceTree = "<group>";
		};
		C8FF0CDB1A93303E00255BAB /* Products */ = {
			isa = PBXGroup;
			children = (
				C8FF0CDA1A93303E00255BAB /* SampleProject.app */,
				C8FF0CF31A93303E00255BAB /* SampleProjectTests.xctest */,
			);
			name = Products;
			sourceTree = "<group>";
		};
		C8FF0CDC1A93303E00255BAB /* SampleProject */ = {
			isa = PBXGroup;
			children = (
				C810C9171A945442003517C7 /* RoundViewController.h */,
				C810C9181A945442003517C7 /* RoundViewController.m */,
				C810C9191A945442003517C7 /* SquareViewController.h */,
				C810C91A1A945442003517C7 /* SquareViewController.m */,
				C8FF0CE11A93303E00255BAB /* AppDelegate.h */,
				C8FF0CE21A93303E00255BAB /* AppDelegate.m */,
				C8FF0CE71A93303E00255BAB /* Main.storyboard */,
				C86336E01A94415400CF75AF /* AboutViewController.h */,
				C86336E11A94415400CF75AF /* AboutViewController.m */,
				C8FF0CEA1A93303E00255BAB /* Images.xcassets */,
				C8FF0CDD1A93303E00255BAB /* Supporting Files */,
			);
			path = SampleProject;
			sourceTree = "<group>";
		};
		C8FF0CDD1A93303E00255BAB /* Supporting Files */ = {
			isa = PBXGroup;
			children = (
				C8FF0CDE1A93303E00255BAB /* Info.plist */,
				C8FF0CDF1A93303E00255BAB /* main.m */,
			);
			name = "Supporting Files";
			sourceTree = "<group>";
		};
/* End PBXGroup section */

/* Begin PBXNativeTarget section */
		C8FF0CD91A93303E00255BAB /* SampleProject */ = {
			isa = PBXNativeTarget;
			buildConfigurationList = C8FF0CFD1A93303E00255BAB /* Build configuration list for PBXNativeTarget "SampleProject" */;
			buildPhases = (
				C8FF0CD61A93303E00255BAB /* Sources */,
				C8FF0CD71A93303E00255BAB /* Frameworks */,
				C8FF0CD81A93303E00255BAB /* Resources */,
			);
			buildRules = (
			);
			dependencies = (
			);
			name = SampleProject;
			productName = SampleProject;
			productReference = C8FF0CDA1A93303E00255BAB /* SampleProject.app */;
			productType = "com.apple.product-type.application";
		};
		C8FF0CF21A93303E00255BAB /* SampleProjectTests */ = {
			isa = PBXNativeTarget;
			buildConfigurationList = C8FF0D001A93303E00255BAB /* Build configuration list for PBXNativeTarget "SampleProjectTests" */;
			buildPhases = (
				C8FF0CEF1A93303E00255BAB /* Sources */,
				C8FF0CF01A93303E00255BAB /* Frameworks */,
				C8FF0CF11A93303E00255BAB /* Resources */,
			);
			buildRules = (
			);
			dependencies = (
				C8FF0CF51A93303E00255BAB /* PBXTargetDependency */,
			);
			name = SampleProjectTests;
			productName = SampleProjectTests;
			productReference = C8FF0CF31A93303E00255BAB /* SampleProjectTests.xctest */;
			productType = "com.apple.product-type.bundle.unit-test";
		};
/* End PBXNativeTarget section */

/* Begin PBXProject section */
		C8FF0CD21A93303E00255BAB /* Project object */ = {
			isa = PBXProject;
			attributes = {
				LastUpgradeCheck = 0610;
				ORGANIZATIONNAME = "Woo Soft";
				TargetAttributes = {
					C8FF0CD91A93303E00255BAB = {
						CreatedOnToolsVersion = 6.1.1;
					};
					C8FF0CF21A93303E00255BAB = {
						CreatedOnToolsVersion = 6.1.1;
						TestTargetID = C8FF0CD91A93303E00255BAB;
					};
				};
			};
			buildConfigurationList = C8FF0CD51A93303E00255BAB /* Build configuration list for PBXProject "SampleProject" */;
			compatibilityVersion = "Xcode 3.2";
			developmentRegion = English;
			hasScannedForEncodings = 0;
			knownRegions = (
				en,
				Base,
			);
			mainGroup = C8FF0CD11A93303E00255BAB;
			productRefGroup = C8FF0CDB1A93303E00255BAB /* Products */;
			projectDirPath = "";
			projectRoot = "";
			targets = (
				C8FF0CD91A93303E00255BAB /* SampleProject */,
				C8FF0CF21A93303E00255BAB /* SampleProjectTests */,
			);
		};
/* End PBXProject section */

/* Begin PBXResourcesBuildPhase section */
		C8FF0CD81A93303E00255BAB /* Resources */ = {
			isa = PBXResourcesBuildPhase;
			buildActionMask = 2147483647;
			files = (
				C8FF0CE91A93303E00255BAB /* Main.storyboard in Resources */,
				C8FF0CEB1A93303E00255BAB /* Images.xcassets in Resources */,
			);
			runOnlyForDeploymentPostprocessing = 0;
		};
		C8FF0CF11A93303E00255BAB /* Resources */ = {
			isa = PBXResourcesBuildPhase;
			buildActionMask = 2147483647;
			files = (
			);
			runOnlyForDeploymentPostprocessing = 0;
		};
/* End PBXResourcesBuildPhase section */

/* Begin PBXSourcesBuildPhase section */
		C8FF0CD61A93303E00255BAB /* Sources */ = {
			isa = PBXSourcesBuildPhase;
			buildActionMask = 2147483647;
			files = (
				C8FF0CE31A93303E00255BAB /* AppDelegate.m in Sources */,
				C86336E21A94415400CF75AF /* AboutViewController.m in Sources */,
				C8FF0CE01A93303E00255BAB /* main.m in Sources */,
				C810C91B1A945442003517C7 /* RoundViewController.m in Sources */,
				C810C91C1A945442003517C7 /* SquareViewController.m in Sources */,
			);
			runOnlyForDeploymentPostprocessing = 0;
		};
		C8FF0CEF1A93303E00255BAB /* Sources */ = {
			isa = PBXSourcesBuildPhase;
			buildActionMask = 2147483647;
			files = (
			);
			runOnlyForDeploymentPostprocessing = 0;
		};
/* End PBXSourcesBuildPhase section */

/* Begin PBXTargetDependency section */
		C8FF0CF51A93303E00255BAB /* PBXTargetDependency */ = {
			isa = PBXTargetDependency;
			target = C8FF0CD91A93303E00255BAB /* SampleProject */;
			targetProxy = C8FF0CF41A93303E00255BAB /* PBXContainerItemProxy */;
		};
/* End PBXTargetDependency section */

/* Begin PBXVariantGroup section */
		C8FF0CE71A93303E00255BAB /* Main.storyboard */ = {
			isa = PBXVariantGroup;
			children = (
				C8FF0CE81A93303E00255BAB /* Base */,
			);
			name = Main.storyboard;
			sourceTree = "<group>";
		};
/* End PBXVariantGroup section */

/* Begin XCBuildConfiguration section */
		C8FF0CFB1A93303E00255BAB /* Debug */ = {
			isa = XCBuildConfiguration;
			buildSettings = {
				ALWAYS_SEARCH_USER_PATHS = NO;
				CLANG_CXX_LANGUAGE_STANDARD = "gnu++0x";
				CLANG_CXX_LIBRARY = "libc++";
				CLANG_ENABLE_MODULES = YES;
				CLANG_ENABLE_OBJC_ARC = YES;
				CLANG_WARN_BOOL_CONVERSION = YES;
				CLANG_WARN_CONSTANT_CONVERSION = YES;
				CLANG_WARN_DIRECT_OBJC_ISA_USAGE = YES_ERROR;
				CLANG_WARN_EMPTY_BODY = YES;
				CLANG_WARN_ENUM_CONVERSION = YES;
				CLANG_WARN_INT_CONVERSION = YES;
				CLANG_WARN_OBJC_ROOT_CLASS = YES_ERROR;
				CLANG_WARN_UNREACHABLE_CODE = YES;
				CLANG_WARN__DUPLICATE_METHOD_MATCH = YES;
				"CODE_SIGN_IDENTITY[sdk=iphoneos*]" = "iPhone Developer";
				COPY_PHASE_STRIP = NO;
				ENABLE_STRICT_OBJC_MSGSEND = YES;
				GCC_C_LANGUAGE_STANDARD = gnu99;
				GCC_DYNAMIC_NO_PIC = NO;
				GCC_OPTIMIZATION_LEVEL = 0;
				GCC_PREPROCESSOR_DEFINITIONS = (
					"DEBUG=1",
					"$(inherited)",
				);
				GCC_SYMBOLS_PRIVATE_EXTERN = NO;
				GCC_WARN_64_TO_32_BIT_CONVERSION = YES;
				GCC_WARN_ABOUT_RETURN_TYPE = YES_ERROR;
				GCC_WARN_UNDECLARED_SELECTOR = YES;
				GCC_WARN_UNINITIALIZED_AUTOS = YES_AGGRESSIVE;
				GCC_WARN_UNUSED_FUNCTION = YES;
				GCC_WARN_UNUSED_VARIABLE = YES;
				IPHONEOS_DEPLOYMENT_TARGET = 8.1;
				MTL_ENABLE_DEBUG_INFO = YES;
				ONLY_ACTIVE_ARCH = YES;
				SDKROOT = iphoneos;
			};
			name = Debug;
		};
		C8FF0CFC1A93303E00255BAB /* Release */ = {
			isa = XCBuildConfiguration;
			buildSettings = {
				ALWAYS_SEARCH_USER_PATHS = NO;
				CLANG_CXX_LANGUAGE_STANDARD = "gnu++0x";
				CLANG_CXX_LIBRARY = "libc++";
				CLANG_ENABLE_MODULES = YES;
				CLANG_ENABLE_OBJC_ARC = YES;
				CLANG_WARN_BOOL_CONVERSION = YES;
				CLANG_WARN_CONSTANT_CONVERSION = YES;
				CLANG_WARN_DIRECT_OBJC_ISA_USAGE = YES_ERROR;
				CLANG_WARN_EMPTY_BODY = YES;
				CLANG_WARN_ENUM_CONVERSION = YES;
				CLANG_WARN_INT_CONVERSION = YES;
				CLANG_WARN_OBJC_ROOT_CLASS = YES_ERROR;
				CLANG_WARN_UNREACHABLE_CODE = YES;
				CLANG_WARN__DUPLICATE_METHOD_MATCH = YES;
				"CODE_SIGN_IDENTITY[sdk=iphoneos*]" = "iPhone Developer";
				COPY_PHASE_STRIP = YES;
				ENABLE_NS_ASSERTIONS = NO;
				ENABLE_STRICT_OBJC_MSGSEND = YES;
				GCC_C_LANGUAGE_STANDARD = gnu99;
				GCC_WARN_64_TO_32_BIT_CONVERSION = YES;
				GCC_WARN_ABOUT_RETURN_TYPE = YES_ERROR;
				GCC_WARN_UNDECLARED_SELECTOR = YES;
				GCC_WARN_UNINITIALIZED_AUTOS = YES_AGGRESSIVE;
				GCC_WARN_UNUSED_FUNCTION = YES;
				GCC_WARN_UNUSED_VARIABLE = YES;
				IPHONEOS_DEPLOYMENT_TARGET = 8.1;
				MTL_ENABLE_DEBUG_INFO = NO;
				SDKROOT = iphoneos;
				VALIDATE_PRODUCT = YES;
			};
			name = Release;
		};
		C8FF0CFE1A93303E00255BAB /* Debug */ = {
			isa = XCBuildConfiguration;
			buildSettings = {
				ASSETCATALOG_COMPILER_APPICON_NAME = AppIcon;
				CODE_SIGN_IDENTITY = "";
				INFOPLIST_FILE = SampleProject/Info.plist;
				LD_RUNPATH_SEARCH_PATHS = "$(inherited) @executable_path/Frameworks";
				PRODUCT_NAME = "$(TARGET_NAME)";
			};
			name = Debug;
		};
		C8FF0CFF1A93303E00255BAB /* Release */ = {
			isa = XCBuildConfiguration;
			buildSettings = {
				ASSETCATALOG_COMPILER_APPICON_NAME = AppIcon;
				CODE_SIGN_IDENTITY = "";
				INFOPLIST_FILE = SampleProject/Info.plist;
				LD_RUNPATH_SEARCH_PATHS = "$(inherited) @executable_path/Frameworks";
				PRODUCT_NAME = "$(TARGET_NAME)";
			};
			name = Release;
		};
		C8FF0D011A93303E00255BAB /* Debug */ = {
			isa = XCBuildConfiguration;
			buildSettings = {
				BUNDLE_LOADER = "$(TEST_HOST)";
				FRAMEWORK_SEARCH_PATHS = (
					"$(SDKROOT)/Developer/Library/Frameworks",
					"$(inherited)",
				);
				GCC_PREPROCESSOR_DEFINITIONS = (
					"DEBUG=1",
					"$(inherited)",
				);
				INFOPLIST_FILE = SampleProjectTests/Info.plist;
				LD_RUNPATH_SEARCH_PATHS = "$(inherited) @executable_path/Frameworks @loader_path/Frameworks";
				PRODUCT_NAME = "$(TARGET_NAME)";
				TEST_HOST = "$(BUILT_PRODUCTS_DIR)/SampleProject.app/SampleProject";
			};
			name = Debug;
		};
		C8FF0D021A93303E00255BAB /* Release */ = {
			isa = XCBuildConfiguration;
			buildSettings = {
				BUNDLE_LOADER = "$(TEST_HOST)";
				FRAMEWORK_SEARCH_PATHS = (
					"$(SDKROOT)/Developer/Library/Frameworks",
					"$(inherited)",
				);
				INFOPLIST_FILE = SampleProjectTests/Info.plist;
				LD_RUNPATH_SEARCH_PATHS = "$(inherited) @executable_path/Frameworks @loader_path/Frameworks";
				PRODUCT_NAME = "$(TARGET_NAME)";
				TEST_HOST = "$(BUILT_PRODUCTS_DIR)/SampleProject.app/SampleProject";
			};
			name = Release;
		};
/* End XCBuildConfiguration section */

/* Begin XCConfigurationList section */
		C8FF0CD51A93303E00255BAB /* Build configuration list for PBXProject "SampleProject" */ = {
			isa = XCConfigurationList;
			buildConfigurations = (
				C8FF0CFB1A93303E00255BAB /* Debug */,
				C8FF0CFC1A93303E00255BAB /* Release */,
			);
			defaultConfigurationIsVisible = 0;
			defaultConfigurationName = Release;
		};
		C8FF0CFD1A93303E00255BAB /* Build configuration list for PBXNativeTarget "SampleProject" */ = {
			isa = XCConfigurationList;
			buildConfigurations = (
				C8FF0CFE1A93303E00255BAB /* Debug */,
				C8FF0CFF1A93303E00255BAB /* Release */,
			);
			defaultConfigurationIsVisible = 0;
			defaultConfigurationName = Release;
		};
		C8FF0D001A93303E00255BAB /* Build configuration list for PBXNativeTarget "SampleProjectTests" */ = {
			isa = XCConfigurationList;
			buildConfigurations = (
				C8FF0D011A93303E00255BAB /* Debug */,
				C8FF0D021A93303E00255BAB /* Release */,
			);
			defaultConfigurationIsVisible = 0;
			defaultConfigurationName = Release;
		};
/* End XCConfigurationList section */
	};
	rootObject = C8FF0CD21A93303E00255BAB /* Project object */;
}
